
Microsoft Visual Studio Solution File, Format Version 12.00
# Visual Studio Version 17
VisualStudioVersion = 17.5.002.0
MinimumVisualStudioVersion = 10.0.40219.1
Project("{9A19103F-16F7-4668-BE54-9A1E7A4F7556}") = "Specializations", "Specializations.csproj", "{4277FB61-CCA4-43FD-9652-475D447FBB55}"
EndProject
Global
	GlobalSection(SolutionConfigurationPlatforms) = preSolution
		Debug|Any CPU = Debug|Any CPU
		Release|Any CPU = Release|Any CPU
	EndGlobalSection
	GlobalSection(ProjectConfigurationPlatforms) = postSolution
		{4277FB61-CCA4-43FD-9652-475D447FBB55}.Debug|Any CPU.ActiveCfg = Debug|Any CPU
		{4277FB61-CCA4-43FD-9652-475D447FBB55}.Debug|Any CPU.Build.0 = Debug|Any CPU
		{4277FB61-CCA4-43FD-9652-475D447FBB55}.Release|Any CPU.ActiveCfg = Release|Any CPU
		{4277FB61-CCA4-43FD-9652-475D447FBB55}.Release|Any CPU.Build.0 = Release|Any CPU
	EndGlobalSection
	GlobalSection(SolutionProperties) = preSolution
		HideSolutionNode = FALSE
	EndGlobalSection
	GlobalSection(ExtensibilityGlobals) = postSolution
		SolutionGuid = {874EC2CA-C15D-43C0-BC63-3BE327DB6E03}
	EndGlobalSection
EndGlobal
